
Microsoft Visual Studio Solution File, Format Version 12.00
# Visual Studio Version 17
VisualStudioVersion = 17.0.31903.59
MinimumVisualStudioVersion = 10.0.40219.1
Project("{FAE04EC0-301F-11D3-BF4B-00C04F79EFBC}") = "Textlens.Capture", "Textlens.Capture\Textlens.Capture.csproj", "{9254780D-FE86-4A1C-95A6-3280D07C97ED}"
EndProject
Project("{FAE04EC0-301F-11D3-BF4B-00C04F79EFBC}") = "Textlens.Capture.Tests", "Textlens.Capture.Tests\Textlens.Capture.Tests.csproj", "{CC6414ED-FC57-4693-85D2-744E98C8D0FB}"
EndProject
Global
	GlobalSection(SolutionConfigurationPlatforms) = preSolution
		Debug|Any CPU = Debug|Any CPU
		Debug|x64 = Debug|x64
		Debug|x86 = Debug|x86
		Release|Any CPU = Release|Any CPU
		Release|x64 = Release|x64
		Release|x86 = Release|x86
	EndGlobalSection
	GlobalSection(ProjectConfigurationPlatforms) = postSolution
		{9254780D-FE86-4A1C-95A6-3280D07C97ED}.Debug|Any CPU.ActiveCfg = Debug|Any CPU
		{9254780D-FE86-4A1C-95A6-3280D07C97ED}.Debug|Any CPU.Build.0 = Debug|Any CPU
		{9254780D-FE86-4A1C-95A6-3280D07C97ED}.Debug|x64.ActiveCfg = Debug|Any CPU
		{9254780D-FE86-4A1C-95A6-3280D07C97ED}.Debug|x64.Build.0 = Debug|Any CPU
		{9254780D-FE86-4A1C-95A6-3280D07C97ED}.Debug|x86.ActiveCfg = Debug|Any CPU
		{9254780D-FE86-4A1C-95A6-3280D07C97ED}.Debug|x86.Build.0 = Debug|Any CPU
		{9254780D-FE86-4A1C-95A6-3280D07C97ED}.Release|Any CPU.ActiveCfg = Release|Any CPU
		{9254780D-FE86-4A1C-95A6-3280D07C97ED}.Release|Any CPU.Build.0 = Release|Any CPU
		{9254780D-FE86-4A1C-95A6-3280D07C97ED}.Release|x64.ActiveCfg = Release|Any CPU
		{9254780D-FE86-4A1C-95A6-3280D07C97ED}.Release|x64.Build.0 = Release|Any CPU
		{9254780D-FE86-4A1C-95A6-3280D07C97ED}.Release|x86.ActiveCfg = Release|Any CPU
		{9254780D-FE86-4A1C-95A6-3280D07C97ED}.Release|x86.Build.0 = Release|Any CPU
		{CC6414ED-FC57-4693-85D2-744E98C8D0FB}.Debug|Any CPU.ActiveCfg = Debug|Any CPU
		{CC6414ED-FC57-4693-85D2-744E98C8D0FB}.Debug|Any CPU.Build.0 = Debug|Any CPU
		{CC6414ED-FC57-4693-85D2-744E98C8D0FB}.Debug|x64.ActiveCfg = Debug|Any CPU
		{CC6414ED-FC57-4693-85D2-744E98C8D0FB}.Debug|x64.Build.0 = Debug|Any CPU
		{CC6414ED-FC57-4693-85D2-744E98C8D0FB}.Debug|x86.ActiveCfg = Debug|Any CPU
		{CC6414ED-FC57-4693-85D2-744E98C8D0FB}.Debug|x86.Build.0 = Debug|Any CPU
		{CC6414ED-FC57-4693-85D2-744E98C8D0FB}.Release|Any CPU.ActiveCfg = Release|Any CPU
		{CC6414ED-FC57-4693-85D2-744E98C8D0FB}.Release|Any CPU.Build.0 = Release|Any CPU
		{CC6414ED-FC57-4693-85D2-744E98C8D0FB}.Release|x64.ActiveCfg = Release|Any CPU
		{CC6414ED-FC57-4693-85D2-744E98C8D0FB}.Release|x64.Build.0 = Release|Any CPU
		{CC6414ED-FC57-4693-85D2-744E98C8D0FB}.Release|x86.ActiveCfg = Release|Any CPU
		{CC6414ED-FC57-4693-85D2-744E98C8D0FB}.Release|x86.Build.0 = Release|Any CPU
	EndGlobalSection
	GlobalSection(SolutionProperties) = preSolution
		HideSolutionNode = FALSE
	EndGlobalSection
EndGlobal
